
Microsoft Visual Studio Solution File, Format Version 12.00
# Visual Studio Version 17
VisualStudioVersion = 17.4.33205.214
MinimumVisualStudioVersion = 10.0.40219.1
Project("{FAE04EC0-301F-11D3-BF4B-00C04F79EFBC}") = "DistrubutedTracing", "DistrubutedTracing\DistrubutedTracing.csproj", "{97531F8F-E894-4FB5-AAAC-30CC8C544846}"
	ProjectSection(ProjectDependencies) = postProject
		{2AA60704-C90B-40D9-99F5-1B58EABD3A9B} = {2AA60704-C90B-40D9-99F5-1B58EABD3A9B}
	EndProjectSection
EndProject
Project("{FAE04EC0-301F-11D3-BF4B-00C04F79EFBC}") = "api", "api\api.csproj", "{2AA60704-C90B-40D9-99F5-1B58EABD3A9B}"
EndProject
Global
	GlobalSection(SolutionConfigurationPlatforms) = preSolution
		Debug|Any CPU = Debug|Any CPU
		Release|Any CPU = Release|Any CPU
	EndGlobalSection
	GlobalSection(ProjectConfigurationPlatforms) = postSolution
		{97531F8F-E894-4FB5-AAAC-30CC8C544846}.Debug|Any CPU.ActiveCfg = Debug|Any CPU
		{97531F8F-E894-4FB5-AAAC-30CC8C544846}.Debug|Any CPU.Build.0 = Debug|Any CPU
		{97531F8F-E894-4FB5-AAAC-30CC8C544846}.Release|Any CPU.ActiveCfg = Release|Any CPU
		{97531F8F-E894-4FB5-AAAC-30CC8C544846}.Release|Any CPU.Build.0 = Release|Any CPU
		{2AA60704-C90B-40D9-99F5-1B58EABD3A9B}.Debug|Any CPU.ActiveCfg = Debug|Any CPU
		{2AA60704-C90B-40D9-99F5-1B58EABD3A9B}.Debug|Any CPU.Build.0 = Debug|Any CPU
		{2AA60704-C90B-40D9-99F5-1B58EABD3A9B}.Release|Any CPU.ActiveCfg = Release|Any CPU
		{2AA60704-C90B-40D9-99F5-1B58EABD3A9B}.Release|Any CPU.Build.0 = Release|Any CPU
	EndGlobalSection
	GlobalSection(SolutionProperties) = preSolution
		HideSolutionNode = FALSE
	EndGlobalSection
	GlobalSection(ExtensibilityGlobals) = postSolution
		SolutionGuid = {0EA2537C-CE13-4C0D-AD0F-13A136C9B668}
	EndGlobalSection
EndGlobal
